// !$*UTF8*$!
{
	archiveVersion = 1;
	classes = {
	};
	objectVersion = 56;
	objects = {

/* Begin PBXBuildFile section */
		E50AEF4B2B189B0E002A1C36 /* MoodSelectorView.swift in Sources */ = {isa = PBXBuildFile; fileRef = E50AEF4A2B189B0E002A1C36 /* MoodSelectorView.swift */; };
		E50AEF5B2B18F7CF002A1C36 /* SwiftySlack in Frameworks */ = {isa = PBXBuildFile; productRef = E50AEF5A2B18F7CF002A1C36 /* SwiftySlack */; };
		E54297532B14B0F900ABBFD3 /* CafeAlejandroApp.swift in Sources */ = {isa = PBXBuildFile; fileRef = E54297522B14B0F900ABBFD3 /* CafeAlejandroApp.swift */; };
		E54297552B14B0F900ABBFD3 /* ContentView.swift in Sources */ = {isa = PBXBuildFile; fileRef = E54297542B14B0F900ABBFD3 /* ContentView.swift */; };
		E54297572B14B0FB00ABBFD3 /* Assets.xcassets in Resources */ = {isa = PBXBuildFile; fileRef = E54297562B14B0FB00ABBFD3 /* Assets.xcassets */; };
		E542975A2B14B0FB00ABBFD3 /* Preview Assets.xcassets in Resources */ = {isa = PBXBuildFile; fileRef = E54297592B14B0FB00ABBFD3 /* Preview Assets.xcassets */; };
		E54297612B14F63500ABBFD3 /* CircleImage.swift in Sources */ = {isa = PBXBuildFile; fileRef = E54297602B14F63500ABBFD3 /* CircleImage.swift */; };
		E54297632B15F66200ABBFD3 /* MapView.swift in Sources */ = {isa = PBXBuildFile; fileRef = E54297622B15F66100ABBFD3 /* MapView.swift */; };
		E54297652B162BC200ABBFD3 /* AssortmentView.swift in Sources */ = {isa = PBXBuildFile; fileRef = E54297642B162BC200ABBFD3 /* AssortmentView.swift */; };
		E54297672B16423B00ABBFD3 /* BackgroundView.swift in Sources */ = {isa = PBXBuildFile; fileRef = E54297662B16423B00ABBFD3 /* BackgroundView.swift */; };
		E54297692B16462700ABBFD3 /* NavigationView.swift in Sources */ = {isa = PBXBuildFile; fileRef = E54297682B16462700ABBFD3 /* NavigationView.swift */; };
		E542976B2B1659A500ABBFD3 /* MemberView.swift in Sources */ = {isa = PBXBuildFile; fileRef = E542976A2B1659A500ABBFD3 /* MemberView.swift */; };
/* End PBXBuildFile section */

/* Begin PBXFileReference section */
		E50AEF4A2B189B0E002A1C36 /* MoodSelectorView.swift */ = {isa = PBXFileReference; lastKnownFileType = sourcecode.swift; path = MoodSelectorView.swift; sourceTree = "<group>"; };
		E542974F2B14B0F900ABBFD3 /* CafeAlejandro.app */ = {isa = PBXFileReference; explicitFileType = wrapper.application; includeInIndex = 0; path = CafeAlejandro.app; sourceTree = BUILT_PRODUCTS_DIR; };
		E54297522B14B0F900ABBFD3 /* CafeAlejandroApp.swift */ = {isa = PBXFileReference; lastKnownFileType = sourcecode.swift; path = CafeAlejandroApp.swift; sourceTree = "<group>"; };
		E54297542B14B0F900ABBFD3 /* ContentView.swift */ = {isa = PBXFileReference; lastKnownFileType = sourcecode.swift; path = ContentView.swift; sourceTree = "<group>"; };
		E54297562B14B0FB00ABBFD3 /* Assets.xcassets */ = {isa = PBXFileReference; lastKnownFileType = folder.assetcatalog; path = Assets.xcassets; sourceTree = "<group>"; };
		E54297592B14B0FB00ABBFD3 /* Preview Assets.xcassets */ = {isa = PBXFileReference; lastKnownFileType = folder.assetcatalog; path = "Preview Assets.xcassets"; sourceTree = "<group>"; };
		E54297602B14F63500ABBFD3 /* CircleImage.swift */ = {isa = PBXFileReference; lastKnownFileType = sourcecode.swift; path = CircleImage.swift; sourceTree = "<group>"; };
		E54297622B15F66100ABBFD3 /* MapView.swift */ = {isa = PBXFileReference; lastKnownFileType = sourcecode.swift; path = MapView.swift; sourceTree = "<group>"; };
		E54297642B162BC200ABBFD3 /* AssortmentView.swift */ = {isa = PBXFileReference; lastKnownFileType = sourcecode.swift; path = AssortmentView.swift; sourceTree = "<group>"; };
		E54297662B16423B00ABBFD3 /* BackgroundView.swift */ = {isa = PBXFileReference; lastKnownFileType = sourcecode.swift; path = BackgroundView.swift; sourceTree = "<group>"; };
		E54297682B16462700ABBFD3 /* NavigationView.swift */ = {isa = PBXFileReference; lastKnownFileType = sourcecode.swift; path = NavigationView.swift; sourceTree = "<group>"; };
		E542976A2B1659A500ABBFD3 /* MemberView.swift */ = {isa = PBXFileReference; lastKnownFileType = sourcecode.swift; path = MemberView.swift; sourceTree = "<group>"; };
/* End PBXFileReference section */

/* Begin PBXFrameworksBuildPhase section */
		E542974C2B14B0F900ABBFD3 /* Frameworks */ = {
			isa = PBXFrameworksBuildPhase;
			buildActionMask = 2147483647;
			files = (
				E50AEF5B2B18F7CF002A1C36 /* SwiftySlack in Frameworks */,
			);
			runOnlyForDeploymentPostprocessing = 0;
		};
/* End PBXFrameworksBuildPhase section */

/* Begin PBXGroup section */
		E54297462B14B0F900ABBFD3 = {
			isa = PBXGroup;
			children = (
				E54297512B14B0F900ABBFD3 /* CafeAlejandro */,
				E54297502B14B0F900ABBFD3 /* Products */,
			);
			sourceTree = "<group>";
		};
		E54297502B14B0F900ABBFD3 /* Products */ = {
			isa = PBXGroup;
			children = (
				E542974F2B14B0F900ABBFD3 /* CafeAlejandro.app */,
			);
			name = Products;
			sourceTree = "<group>";
		};
		E54297512B14B0F900ABBFD3 /* CafeAlejandro */ = {
			isa = PBXGroup;
			children = (
				E54297522B14B0F900ABBFD3 /* CafeAlejandroApp.swift */,
				E54297542B14B0F900ABBFD3 /* ContentView.swift */,
				E54297682B16462700ABBFD3 /* NavigationView.swift */,
				E50AEF4A2B189B0E002A1C36 /* MoodSelectorView.swift */,
				E54297642B162BC200ABBFD3 /* AssortmentView.swift */,
				E542976A2B1659A500ABBFD3 /* MemberView.swift */,
				E54297662B16423B00ABBFD3 /* BackgroundView.swift */,
				E54297622B15F66100ABBFD3 /* MapView.swift */,
				E54297602B14F63500ABBFD3 /* CircleImage.swift */,
				E54297562B14B0FB00ABBFD3 /* Assets.xcassets */,
				E54297582B14B0FB00ABBFD3 /* Preview Content */,
			);
			path = CafeAlejandro;
			sourceTree = "<group>";
		};
		E54297582B14B0FB00ABBFD3 /* Preview Content */ = {
			isa = PBXGroup;
			children = (
				E54297592B14B0FB00ABBFD3 /* Preview Assets.xcassets */,
			);
			path = "Preview Content";
			sourceTree = "<group>";
		};
/* End PBXGroup section */

/* Begin PBXNativeTarget section */
		E542974E2B14B0F900ABBFD3 /* CafeAlejandro */ = {
			isa = PBXNativeTarget;
			buildConfigurationList = E542975D2B14B0FB00ABBFD3 /* Build configuration list for PBXNativeTarget "CafeAlejandro" */;
			buildPhases = (
				E542974B2B14B0F900ABBFD3 /* Sources */,
				E542974C2B14B0F900ABBFD3 /* Frameworks */,
				E542974D2B14B0F900ABBFD3 /* Resources */,
			);
			buildRules = (
			);
			dependencies = (
			);
			name = CafeAlejandro;
			packageProductDependencies = (
				E50AEF5A2B18F7CF002A1C36 /* SwiftySlack */,
			);
			productName = CafeAlejandro;
			productReference = E542974F2B14B0F900ABBFD3 /* CafeAlejandro.app */;
			productType = "com.apple.product-type.application";
		};
/* End PBXNativeTarget section */

/* Begin PBXProject section */
		E54297472B14B0F900ABBFD3 /* Project object */ = {
			isa = PBXProject;
			attributes = {
				BuildIndependentTargetsInParallel = 1;
				LastSwiftUpdateCheck = 1500;
				LastUpgradeCheck = 1500;
				TargetAttributes = {
					E542974E2B14B0F900ABBFD3 = {
						CreatedOnToolsVersion = 15.0.1;
					};
				};
			};
			buildConfigurationList = E542974A2B14B0F900ABBFD3 /* Build configuration list for PBXProject "CafeAlejandro" */;
			compatibilityVersion = "Xcode 14.0";
			developmentRegion = en;
			hasScannedForEncodings = 0;
			knownRegions = (
				en,
				Base,
			);
			mainGroup = E54297462B14B0F900ABBFD3;
			packageReferences = (
				E50AEF592B18F7CF002A1C36 /* XCRemoteSwiftPackageReference "SwiftySlack" */,
			);
			productRefGroup = E54297502B14B0F900ABBFD3 /* Products */;
			projectDirPath = "";
			projectRoot = "";
			targets = (
				E542974E2B14B0F900ABBFD3 /* CafeAlejandro */,
			);
		};
/* End PBXProject section */

/* Begin PBXResourcesBuildPhase section */
		E542974D2B14B0F900ABBFD3 /* Resources */ = {
			isa = PBXResourcesBuildPhase;
			buildActionMask = 2147483647;
			files = (
				E542975A2B14B0FB00ABBFD3 /* Preview Assets.xcassets in Resources */,
				E54297572B14B0FB00ABBFD3 /* Assets.xcassets in Resources */,
			);
			runOnlyForDeploymentPostprocessing = 0;
		};
/* End PBXResourcesBuildPhase section */

/* Begin PBXSourcesBuildPhase section */
		E542974B2B14B0F900ABBFD3 /* Sources */ = {
			isa = PBXSourcesBuildPhase;
			buildActionMask = 2147483647;
			files = (
				E54297692B16462700ABBFD3 /* NavigationView.swift in Sources */,
				E54297672B16423B00ABBFD3 /* BackgroundView.swift in Sources */,
				E54297552B14B0F900ABBFD3 /* ContentView.swift in Sources */,
				E54297632B15F66200ABBFD3 /* MapView.swift in Sources */,
				E54297532B14B0F900ABBFD3 /* CafeAlejandroApp.swift in Sources */,
				E54297652B162BC200ABBFD3 /* AssortmentView.swift in Sources */,
				E542976B2B1659A500ABBFD3 /* MemberView.swift in Sources */,
				E54297612B14F63500ABBFD3 /* CircleImage.swift in Sources */,
				E50AEF4B2B189B0E002A1C36 /* MoodSelectorView.swift in Sources */,
			);
			runOnlyForDeploymentPostprocessing = 0;
		};
/* End PBXSourcesBuildPhase section */

/* Begin XCBuildConfiguration section */
		E542975B2B14B0FB00ABBFD3 /* Debug */ = {
			isa = XCBuildConfiguration;
			buildSettings = {
				ALWAYS_SEARCH_USER_PATHS = NO;
				ASSETCATALOG_COMPILER_GENERATE_SWIFT_ASSET_SYMBOL_EXTENSIONS = YES;
				CLANG_ANALYZER_NONNULL = YES;
				CLANG_ANALYZER_NUMBER_OBJECT_CONVERSION = YES_AGGRESSIVE;
				CLANG_CXX_LANGUAGE_STANDARD = "gnu++20";
				CLANG_ENABLE_MODULES = YES;
				CLANG_ENABLE_OBJC_ARC = YES;
				CLANG_ENABLE_OBJC_WEAK = YES;
				CLANG_WARN_BLOCK_CAPTURE_AUTORELEASING = YES;
				CLANG_WARN_BOOL_CONVERSION = YES;
				CLANG_WARN_COMMA = YES;
				CLANG_WARN_CONSTANT_CONVERSION = YES;
				CLANG_WARN_DEPRECATED_OBJC_IMPLEMENTATIONS = YES;
				CLANG_WARN_DIRECT_OBJC_ISA_USAGE = YES_ERROR;
				CLANG_WARN_DOCUMENTATION_COMMENTS = YES;
				CLANG_WARN_EMPTY_BODY = YES;
				CLANG_WARN_ENUM_CONVERSION = YES;
				CLANG_WARN_INFINITE_RECURSION = YES;
				CLANG_WARN_INT_CONVERSION = YES;
				CLANG_WARN_NON_LITERAL_NULL_CONVERSION = YES;
				CLANG_WARN_OBJC_IMPLICIT_RETAIN_SELF = YES;
				CLANG_WARN_OBJC_LITERAL_CONVERSION = YES;
				CLANG_WARN_OBJC_ROOT_CLASS = YES_ERROR;
				CLANG_WARN_QUOTED_INCLUDE_IN_FRAMEWORK_HEADER = YES;
				CLANG_WARN_RANGE_LOOP_ANALYSIS = YES;
				CLANG_WARN_STRICT_PROTOTYPES = YES;
				CLANG_WARN_SUSPICIOUS_MOVE = YES;
				CLANG_WARN_UNGUARDED_AVAILABILITY = YES_AGGRESSIVE;
				CLANG_WARN_UNREACHABLE_CODE = YES;
				CLANG_WARN__DUPLICATE_METHOD_MATCH = YES;
				COPY_PHASE_STRIP = NO;
				DEBUG_INFORMATION_FORMAT = dwarf;
				ENABLE_STRICT_OBJC_MSGSEND = YES;
				ENABLE_TESTABILITY = YES;
				ENABLE_USER_SCRIPT_SANDBOXING = YES;
				GCC_C_LANGUAGE_STANDARD = gnu17;
				GCC_DYNAMIC_NO_PIC = NO;
				GCC_NO_COMMON_BLOCKS = YES;
				GCC_OPTIMIZATION_LEVEL = 0;
				GCC_PREPROCESSOR_DEFINITIONS = (
					"DEBUG=1",
					"$(inherited)",
				);
				GCC_WARN_64_TO_32_BIT_CONVERSION = YES;
				GCC_WARN_ABOUT_RETURN_TYPE = YES_ERROR;
				GCC_WARN_UNDECLARED_SELECTOR = YES;
				GCC_WARN_UNINITIALIZED_AUTOS = YES_AGGRESSIVE;
				GCC_WARN_UNUSED_FUNCTION = YES;
				GCC_WARN_UNUSED_VARIABLE = YES;
				IPHONEOS_DEPLOYMENT_TARGET = 17.0;
				LOCALIZATION_PREFERS_STRING_CATALOGS = YES;
				MTL_ENABLE_DEBUG_INFO = INCLUDE_SOURCE;
				MTL_FAST_MATH = YES;
				ONLY_ACTIVE_ARCH = YES;
				SDKROOT = iphoneos;
				SWIFT_ACTIVE_COMPILATION_CONDITIONS = "DEBUG $(inherited)";
				SWIFT_OPTIMIZATION_LEVEL = "-Onone";
			};
			name = Debug;
		};
		E542975C2B14B0FB00ABBFD3 /* Release */ = {
			isa = XCBuildConfiguration;
			buildSettings = {
				ALWAYS_SEARCH_USER_PATHS = NO;
				ASSETCATALOG_COMPILER_GENERATE_SWIFT_ASSET_SYMBOL_EXTENSIONS = YES;
				CLANG_ANALYZER_NONNULL = YES;
				CLANG_ANALYZER_NUMBER_OBJECT_CONVERSION = YES_AGGRESSIVE;
				CLANG_CXX_LANGUAGE_STANDARD = "gnu++20";
				CLANG_ENABLE_MODULES = YES;
				CLANG_ENABLE_OBJC_ARC = YES;
				CLANG_ENABLE_OBJC_WEAK = YES;
				CLANG_WARN_BLOCK_CAPTURE_AUTORELEASING = YES;
				CLANG_WARN_BOOL_CONVERSION = YES;
				CLANG_WARN_COMMA = YES;
				CLANG_WARN_CONSTANT_CONVERSION = YES;
				CLANG_WARN_DEPRECATED_OBJC_IMPLEMENTATIONS = YES;
				CLANG_WARN_DIRECT_OBJC_ISA_USAGE = YES_ERROR;
				CLANG_WARN_DOCUMENTATION_COMMENTS = YES;
				CLANG_WARN_EMPTY_BODY = YES;
				CLANG_WARN_ENUM_CONVERSION = YES;
				CLANG_WARN_INFINITE_RECURSION = YES;
				CLANG_WARN_INT_CONVERSION = YES;
				CLANG_WARN_NON_LITERAL_NULL_CONVERSION = YES;
				CLANG_WARN_OBJC_IMPLICIT_RETAIN_SELF = YES;
				CLANG_WARN_OBJC_LITERAL_CONVERSION = YES;
				CLANG_WARN_OBJC_ROOT_CLASS = YES_ERROR;
				CLANG_WARN_QUOTED_INCLUDE_IN_FRAMEWORK_HEADER = YES;
				CLANG_WARN_RANGE_LOOP_ANALYSIS = YES;
				CLANG_WARN_STRICT_PROTOTYPES = YES;
				CLANG_WARN_SUSPICIOUS_MOVE = YES;
				CLANG_WARN_UNGUARDED_AVAILABILITY = YES_AGGRESSIVE;
				CLANG_WARN_UNREACHABLE_CODE = YES;
				CLANG_WARN__DUPLICATE_METHOD_MATCH = YES;
				COPY_PHASE_STRIP = NO;
				DEBUG_INFORMATION_FORMAT = "dwarf-with-dsym";
				ENABLE_NS_ASSERTIONS = NO;
				ENABLE_STRICT_OBJC_MSGSEND = YES;
				ENABLE_USER_SCRIPT_SANDBOXING = YES;
				GCC_C_LANGUAGE_STANDARD = gnu17;
				GCC_NO_COMMON_BLOCKS = YES;
				GCC_WARN_64_TO_32_BIT_CONVERSION = YES;
				GCC_WARN_ABOUT_RETURN_TYPE = YES_ERROR;
				GCC_WARN_UNDECLARED_SELECTOR = YES;
				GCC_WARN_UNINITIALIZED_AUTOS = YES_AGGRESSIVE;
				GCC_WARN_UNUSED_FUNCTION = YES;
				GCC_WARN_UNUSED_VARIABLE = YES;
				IPHONEOS_DEPLOYMENT_TARGET = 17.0;
				LOCALIZATION_PREFERS_STRING_CATALOGS = YES;
				MTL_ENABLE_DEBUG_INFO = NO;
				MTL_FAST_MATH = YES;
				SDKROOT = iphoneos;
				SWIFT_COMPILATION_MODE = wholemodule;
				VALIDATE_PRODUCT = YES;
			};
			name = Release;
		};
		E542975E2B14B0FB00ABBFD3 /* Debug */ = {
			isa = XCBuildConfiguration;
			buildSettings = {
				ASSETCATALOG_COMPILER_APPICON_NAME = AppIcon;
				ASSETCATALOG_COMPILER_GLOBAL_ACCENT_COLOR_NAME = AccentColor;
				CODE_SIGN_IDENTITY = "Apple Development";
				CODE_SIGN_STYLE = Automatic;
				CURRENT_PROJECT_VERSION = 1;
				DEVELOPMENT_ASSET_PATHS = "\"CafeAlejandro/Preview Content\"";
				DEVELOPMENT_TEAM = 78D34TYQLZ;
				ENABLE_PREVIEWS = YES;
				GENERATE_INFOPLIST_FILE = YES;
				INFOPLIST_KEY_UIApplicationSceneManifest_Generation = YES;
				INFOPLIST_KEY_UIApplicationSupportsIndirectInputEvents = YES;
				INFOPLIST_KEY_UILaunchScreen_Generation = YES;
				INFOPLIST_KEY_UISupportedInterfaceOrientations_iPad = "UIInterfaceOrientationPortrait UIInterfaceOrientationPortraitUpsideDown UIInterfaceOrientationLandscapeLeft UIInterfaceOrientationLandscapeRight";
				INFOPLIST_KEY_UISupportedInterfaceOrientations_iPhone = "UIInterfaceOrientationPortrait UIInterfaceOrientationLandscapeLeft UIInterfaceOrientationLandscapeRight";
				LD_RUNPATH_SEARCH_PATHS = (
					"$(inherited)",
					"@executable_path/Frameworks",
				);
				MARKETING_VERSION = 1.0;
				PRODUCT_BUNDLE_IDENTIFIER = com.akqa.cafealejandrodebug;
				PRODUCT_NAME = "$(TARGET_NAME)";
				PROVISIONING_PROFILE_SPECIFIER = "";
				SWIFT_EMIT_LOC_STRINGS = YES;
				SWIFT_VERSION = 5.0;
				TARGETED_DEVICE_FAMILY = "1,2";
			};
			name = Debug;
		};
		E542975F2B14B0FB00ABBFD3 /* Release */ = {
			isa = XCBuildConfiguration;
			buildSettings = {
				ASSETCATALOG_COMPILER_APPICON_NAME = AppIcon;
				ASSETCATALOG_COMPILER_GLOBAL_ACCENT_COLOR_NAME = AccentColor;
				CODE_SIGN_STYLE = Automatic;
				CURRENT_PROJECT_VERSION = 1;
				DEVELOPMENT_ASSET_PATHS = "\"CafeAlejandro/Preview Content\"";
				DEVELOPMENT_TEAM = 78D34TYQLZ;
				ENABLE_PREVIEWS = YES;
				GENERATE_INFOPLIST_FILE = YES;
				INFOPLIST_KEY_UIApplicationSceneManifest_Generation = YES;
				INFOPLIST_KEY_UIApplicationSupportsIndirectInputEvents = YES;
				INFOPLIST_KEY_UILaunchScreen_Generation = YES;
				INFOPLIST_KEY_UISupportedInterfaceOrientations_iPad = "UIInterfaceOrientationPortrait UIInterfaceOrientationPortraitUpsideDown UIInterfaceOrientationLandscapeLeft UIInterfaceOrientationLandscapeRight";
				INFOPLIST_KEY_UISupportedInterfaceOrientations_iPhone = "UIInterfaceOrientationPortrait UIInterfaceOrientationLandscapeLeft UIInterfaceOrientationLandscapeRight";
				LD_RUNPATH_SEARCH_PATHS = (
					"$(inherited)",
					"@executable_path/Frameworks",
				);
				MARKETING_VERSION = 1.0;
				PRODUCT_BUNDLE_IDENTIFIER = com.akqa.CafeAlejandro;
				PRODUCT_NAME = "$(TARGET_NAME)";
				SWIFT_EMIT_LOC_STRINGS = YES;
				SWIFT_VERSION = 5.0;
				TARGETED_DEVICE_FAMILY = "1,2";
			};
			name = Release;
		};
/* End XCBuildConfiguration section */

/* Begin XCConfigurationList section */
		E542974A2B14B0F900ABBFD3 /* Build configuration list for PBXProject "CafeAlejandro" */ = {
			isa = XCConfigurationList;
			buildConfigurations = (
				E542975B2B14B0FB00ABBFD3 /* Debug */,
				E542975C2B14B0FB00ABBFD3 /* Release */,
			);
			defaultConfigurationIsVisible = 0;
			defaultConfigurationName = Release;
		};
		E542975D2B14B0FB00ABBFD3 /* Build configuration list for PBXNativeTarget "CafeAlejandro" */ = {
			isa = XCConfigurationList;
			buildConfigurations = (
				E542975E2B14B0FB00ABBFD3 /* Debug */,
				E542975F2B14B0FB00ABBFD3 /* Release */,
			);
			defaultConfigurationIsVisible = 0;
			defaultConfigurationName = Release;
		};
/* End XCConfigurationList section */

/* Begin XCRemoteSwiftPackageReference section */
		E50AEF592B18F7CF002A1C36 /* XCRemoteSwiftPackageReference "SwiftySlack" */ = {
			isa = XCRemoteSwiftPackageReference;
			repositoryURL = "https://github.com/mbarnach/SwiftySlack";
			requirement = {
				kind = upToNextMajorVersion;
				minimumVersion = 0.2.2;
			};
		};
/* End XCRemoteSwiftPackageReference section */

/* Begin XCSwiftPackageProductDependency section */
		E50AEF5A2B18F7CF002A1C36 /* SwiftySlack */ = {
			isa = XCSwiftPackageProductDependency;
			package = E50AEF592B18F7CF002A1C36 /* XCRemoteSwiftPackageReference "SwiftySlack" */;
			productName = SwiftySlack;
		};
/* End XCSwiftPackageProductDependency section */
	};
	rootObject = E54297472B14B0F900ABBFD3 /* Project object */;
}
